# This file was autogenerated by uv via the following command:
#    uv pip compile --no-cache --generate-hashes --output-file=requirements.lock requirements.txt
awkward==2.6.6 \
    --hash=sha256:55656f756501ae279508a68c350e6d1a4d172c4b5ba5be92b0f491b976b565f6 \
    --hash=sha256:6eeb426ca41b51fe3c36fbe767b90259979b08c14e3562497a71195a447c8b3c
    # via
    #   -r requirements.txt
    #   dask-awkward
    #   uproot
awkward-cpp==35 \
    --hash=sha256:09358af7c27adbe0964216e038e60fa2cb1fa6deb141458d7fb47101386634ee \
    --hash=sha256:0952b7f6129eb1c9c69382b99ec4de1abb6c50d7f3dac2e226f2daf870fef825 \
    --hash=sha256:0b50ca5a8d70820bde7726fa30f5c5cdd2c7ebe51785ff6378592eb43089ad6e \
    --hash=sha256:130971901bd73506c1b485372d9b79286bc87986891053d6eb30f53334e4f5b9 \
    --hash=sha256:1426b308812edcb1f9a2e48d4fc34009099fef25feaee523fcdd575015e5f8a8 \
    --hash=sha256:1767969720e4d4e843b95cdb96586c631fa0524e6967e2284e43d896fda10909 \
    --hash=sha256:1ad8652798d1a225206105aaa40c16f0c7961d0c3b44a4acef8aa3d3df2d3fea \
    --hash=sha256:1f8b112a597bd2438794e1a721a63aa61869fa9598a17ac6bd811ad6f6400d06 \
    --hash=sha256:2cbf66d5cf99bd00d15724b264b797449068f734db608328731ee17b169e4ca2 \
    --hash=sha256:2ea02f85cad4b2920ed78f8b1011ef9498e7eeda782397644aa75f3f92646c70 \
    --hash=sha256:3424931e7344af576995e2606b97d34b272819b95663a68542111e7a0e341614 \
    --hash=sha256:4617a4d2c8a217ca8b88c9c337562fedfd951b40115ef066784a58472cfd3ec2 \
    --hash=sha256:48ffe27741efb71da13f87929e39e88f20db1ca8eb2b466dd6f951e9ca8190b2 \
    --hash=sha256:4ceaa7e642fc20398a9b4159d75d527576d7f95754fef5641d5ebc449faa931b \
    --hash=sha256:4d34dbce892295918a195cd1b7d081fd725fdd7990b5eb90604e662c799763f1 \
    --hash=sha256:517e327b5ee846418e7c612188d5370a3551d5f4c85a5d9aa86e420dd11fb83e \
    --hash=sha256:5909bc7606d7bfaabd6249beaf60b0a863f495cde2ac966dcae4b4d88b929272 \
    --hash=sha256:5f5c38527977807c6d87eb2344a92968a14433478d92b5b9b30d8d654748faa6 \
    --hash=sha256:64735e6b7e9d5a44c2ec790bf5228a4ddaab7594058fb3f198e2ea16e6c1bab3 \
    --hash=sha256:64a3af4677bb1e01316b86df45e5cd237ecdeda9ce57247598cab8dc44649f09 \
    --hash=sha256:690cb7c8ad72defccdb6af1f1c54b8d40efa983c78cca24ab203470545592194 \
    --hash=sha256:7781a6773fc5db729d8fee7f370ac0e5dd0a902ff0a0a88b84a039c21661eb19 \
    --hash=sha256:7a74b795714ef44820eb580ee416ac68577c9c7bbdda287eaaee122a5f37d20a \
    --hash=sha256:7df3f9e7e16deb09eb697fd69186b1b362f42534ffd4d1f7ca9dd3da4e2182cc \
    --hash=sha256:81148fa29cb2b1abd26f0a8f284fe5c7bc3a9865d223d225e3c0350dfec463d8 \
    --hash=sha256:89e9478e9f32368d833bab7e920fc89edb3e62445a4eab9c6d15b74402c08c58 \
    --hash=sha256:8c6191740815cdb8a9e1f18a096e3ce8674969194a6ab1d19d9aa6c4d17b8459 \
    --hash=sha256:92d7e64ac057eb0d4e8e9e5e6d924b1b38198507b8d86f7ebb0c1c2ba7ac972d \
    --hash=sha256:9d2eec8e9186067d4aba7fb06b9a3c9ac59a597057ef667728394bfa06881483 \
    --hash=sha256:9d381fb29e00c06e39f09fcf786eb4dc0e923246a522cd6e1500f3c01d61e04e \
    --hash=sha256:9ece147840ed1f0cdde37a4147db4c319b796710c7c9a47aa0705e75a537407c \
    --hash=sha256:a47e5bf88cf1a963edc984965149c6eeac0d212ea6da8d4e29fcc4a2306f8422 \
    --hash=sha256:aa15cba52d42af9faa24519ea70e86b7f75f0487d55dcadfe1c13fbc3dd86d26 \
    --hash=sha256:b1c76133045eb9050ad8bb7df543e72bf5798fdd7b5da45e5b4faf5381d6fc91 \
    --hash=sha256:bb049c68d7ce5a116ecda72a232bf33765c75b35957d3aa6a2b986a6ac9ac89c \
    --hash=sha256:be481156af073862ce25b2950bcc9dbb9949a707ba5ec2b9046bf840ab4f7b2e \
    --hash=sha256:c0180a87a49d8347591bc63cb90ea66c7b09fe490cd5d4721e99c488073d8cd1 \
    --hash=sha256:d90ea899c6e71f65c613b2783abca69cdf663dfba2ac1c0b4629715255951eeb \
    --hash=sha256:e3532f0ccc9691bd11184e0324ac9eec468dc7ffa96ea086cb397f38837f738d \
    --hash=sha256:e668712ca8123154277504064cb034fc84e6737cb2b9f9af4ee8c4511431a509 \
    --hash=sha256:e768087961fbb9c569a1eb1c87bc23078b6daaf83902309957e7c7abf72bb7eb \
    --hash=sha256:f87c6ab3abce474c792ff5438f93c770f8a65f841f93d9f55a0679e398744fe8 \
    --hash=sha256:fd19890afca402f8ff60deffdbf0b1b643116ec4f05666fd32b26a1c849eac63 \
    --hash=sha256:ff1f197fbb10b62c2ca3d9c7bc27daab1363d7e8cf93c80a25f79358fa086e7b
    # via awkward
cachetools==5.3.3 \
    --hash=sha256:0abad1021d3f8325b2fc1d2e9c8b9c9d57b04c3932657a72465447332c24d945 \
    --hash=sha256:ba29e2dfa0b8b556606f097407ed1aa62080ee108ab0dc5ec9d6a723a007d105
    # via dask-awkward
click==8.1.7 \
    --hash=sha256:ae74fb96c20a0277a1d615f1e4d73c8414f5a98db8b799a7931d1582f3390c28 \
    --hash=sha256:ca9853ad459e787e2192211578cc907e7594e294c7ccc834310722b41b9ca6de
    # via dask
cloudpickle==3.0.0 \
    --hash=sha256:246ee7d0c295602a036e86369c77fecda4ab17b506496730f2f576d9016fd9c7 \
    --hash=sha256:996d9a482c6fb4f33c1a35335cf8afd065d2a56e973270364840712d9131a882
    # via dask
cramjam==2.8.3 \
    --hash=sha256:00524bb23f4abb3a3bfff08aa32b9274843170c5b43855807e0f59670e2ac98c \
    --hash=sha256:007aa9444cb27b8691baae73ca907133cd939987438f874774011b4c740732dd \
    --hash=sha256:04b31d427a8902e5c2eec4b8f29873de7a3ade202e3d68e7f2354b9f0aa00bc7 \
    --hash=sha256:07af94191f6a245226dc8a8bc6c94808e382ce9dfcca4bab0e8015fbc7fc3322 \
    --hash=sha256:080f3eb7b648f5ba9d35084d8dddc68246a8f365df239792f6712908f0aa568e \
    --hash=sha256:11c9d30bc53892c57a3b296756c23659323ab1419a2b4bf22bbafc07b247bb67 \
    --hash=sha256:11d2e9eebc7d202eda0ae09fb56a2cdbeb5a1563e89d2118bf18cf0030f35f77 \
    --hash=sha256:1374fe9a4431e546bb4501a16b84875d0bf80fc4e6c8942f0d5608ae48474267 \
    --hash=sha256:19b8c97350c8d65daea26267dd1becb59073569aac2ae5743952d7f48da5d37a \
    --hash=sha256:1ba1a8ff855b30b4069a9b45ea9e7f2b5d882c7953bdfccda8d4b275fa7057ce \
    --hash=sha256:1fd25201f1278dc6faa2ae35e67b7a5bb352b7fc6ed1ee939637414ca8115863 \
    --hash=sha256:246f1f7d32cac2b64617d2dddba11a82851e73cdcf9d1abb799b08dcd9d2ea49 \
    --hash=sha256:2476828dea4089aa3cb9160391f8b36f793ca651afdcba80de1e341373928397 \
    --hash=sha256:24990be4010b2185dcecc67133cd727657036e7b132d7de598148f5b1eb8e452 \
    --hash=sha256:24c2b426dd8fafb894f93a88f42e2827e14199d66836cb100582037e5371c724 \
    --hash=sha256:269f94d2efe6b6a97624782cd3b541e60535dd5874f4a8d5d0ba66ef59424ae3 \
    --hash=sha256:274878883e7fadf95a6b5bc58f9c1dd39fef2c31d68e18a0fb8594226457fba7 \
    --hash=sha256:28c30078effc100739d3f9b227276a8360c1b32aac65efb4f641630552213548 \
    --hash=sha256:29987b54e31efed66738e8f236c597c4c9a91ec9d57bcb74307712e07505b4bb \
    --hash=sha256:2be92c6f0bcffaf8ea6a8164fe0388a188fec2fa9eff1828e8b64dc3a83740f9 \
    --hash=sha256:2cb64a97e625ca029b55e37769b8c354e64cbea042c75471915dc385935d30ed \
    --hash=sha256:30e2d745cd4d244b7973d15aaebeedb537b980f9d3da80e6dea75ee1a872f9fa \
    --hash=sha256:3277fd42399755d6d3730edec4a192174ee64d219e0ffbc90613f15cbabf711f \
    --hash=sha256:345a952c5d4b922830efaa67dc0b42d21e18c182c1a1bda6d20bb78235f31d6f \
    --hash=sha256:35647a0e37a4dfec85a44c7966ae476b7db0e6cd65d91c08f1fb3007ed774d92 \
    --hash=sha256:3850dac9a2f6dcb3249d23f9d505117643b967bdc1c572ed0cc492a48fd69daf \
    --hash=sha256:3f6303c8cc583dfe5054cf84717674f75b18bca4ae8e576dc863958d5494dc4b \
    --hash=sha256:440a18fd4ae42e06dbbd7aee91d8248b61da9fef7610ffbd553d1ba93931394b \
    --hash=sha256:476890974229713fc7b4c16fb050b756ba926c67e4d1200b3e03c5c051e9b552 \
    --hash=sha256:4822eb5fe6839cd3d0439e5431e766ad010b2a388ca9617aa6372b6030897782 \
    --hash=sha256:4a554bcfd068e831affd64a4f067c7c9b00b359742597c4fdadd18ff673baf30 \
    --hash=sha256:4c1d2d39c2193a77c5e5b327944f90e6ecf2caa1b55e7176cc83d80706ea15de \
    --hash=sha256:4f7c16d358df366e308137411125a2bb50d1b19924fced3a390898fa8c9a074d \
    --hash=sha256:5023a737d8d9cf5d123e6d87d088929c3cfb2aae90e0f584204427f74882150a \
    --hash=sha256:51e847dcfe74fba379fed2bc2b45f5c2f11c3ece5e9eebcf63f39a9594184588 \
    --hash=sha256:572cb9a8dc5a189691d6e03a9bf9b4305fd9a9f36bb0f9fde55fc36837c2e6b3 \
    --hash=sha256:594477faff7f4380fa123cfbcf10ab8ee5af1a28b95750b66931ffafcb11ab5c \
    --hash=sha256:5d1ac94e00c64258330105473c641441db02b4dc3e9e9f2963d204e53ed93025 \
    --hash=sha256:6379b92912f7569e126bd48d10e7087ddd20ea88a939532e3c4a85c2fa05d600 \
    --hash=sha256:65bfd41aa92c0025f32ba09214b48e9367a81122586b2617439b4327c4bd179c \
    --hash=sha256:6653c262ad71e6c0ae08eeca3af2ee89ad47483b6312f2c6094518cb77872406 \
    --hash=sha256:6721edd8f911ad84db83ee4902b7579fc01c55849062f3f1f4171b58fccf98eb \
    --hash=sha256:67e09b42e744efd08b93ac56f6100a859a31617d7146725516f3f2c744149d97 \
    --hash=sha256:6b1fa0a6ea8183831d04572597c182bd6cece62d583a36cde1e6a86e72ce2389 \
    --hash=sha256:6c04f363cb4b316719421724521432b6e7f6490e5baaaf7692af961c28d0279b \
    --hash=sha256:6eec7e985f35708c234542721863d82781d0f7f6a71b45e14ce6d2625d4b131d \
    --hash=sha256:6f838d06d06709b9ce8b1ceae36aea4e1c7e613365185a91edcbeb5884f5e606 \
    --hash=sha256:7337bd8218bd8508f35904274a38cce843a237fe6e23104238bbeb2f337107ed \
    --hash=sha256:771b44e549f90b5532508782e25d1c40b8054dd83d52253d05945fc05836b252 \
    --hash=sha256:77346ac669f5445d14b74476a4e8f3a259fd22681bd73790e92b8956d7e225fc \
    --hash=sha256:7871e1fd3ee8ca16799ba22d49fc1e52e78976fa8c659be41630eeb2914475a7 \
    --hash=sha256:80b088d15866b37851fd53e2b471becc9ec487257dceca1878621072a18e833e \
    --hash=sha256:832224f52fa1e601e0ab678dba9bdfde3686fc4cd1a9f2ed4748f29eaf1cb553 \
    --hash=sha256:86e238b6de79e045f5197df2c9dfaf8d10b37a6517ff4ffc4775fe5a3cf4d4a4 \
    --hash=sha256:87e26e3e1d5fed1cac5b41be648d0daf0793f94cf4a7aebefce1f4f6656e2d21 \
    --hash=sha256:8c8aa6d08c135ae7f0da01e6559a332c5d8fe4989a594db401040e385d04dffd \
    --hash=sha256:8ea1dc11538842ff20d9872a17214994f5913cbf3be5594b54aad2422becdf19 \
    --hash=sha256:8ed658f36a2bf667d5b8c7c6690103ad99f81cc62a1b64891b69298447329d4b \
    --hash=sha256:962b7106287bcc463150766b5b8c69f32dcc69713a8dbce00e0ca6936f95c55b \
    --hash=sha256:9728861bc0390681824961778b36f7f0b95039e8b90d46f1b67f51232f1ee159 \
    --hash=sha256:97c706c520c3f8b0184278cc86187528458350216c6e4fa85d3f16bcad0d365d \
    --hash=sha256:990e65c2bf1c155a9ddec5ecabf431cf77596432f697d3c6e0831b5174c51c40 \
    --hash=sha256:9a1943f2cc0deee037ddcf92beff6049e12d4e6d557f568ddf59fb3b848f2152 \
    --hash=sha256:9d08f1bab949ffd6dd6f25a89e4f7062d147aeea9c067e4dd155bdb190e5a519 \
    --hash=sha256:9efe6915aa7ef176f3a7f42a4e46504573215953331b139abefd20d07d8aba82 \
    --hash=sha256:a2fededed05a042f093dbf1b11d69afb1874a2c9197fcf1d58c142ba9111db5a \
    --hash=sha256:ab67f29094165f0771acad8dd16e840259cfedcc94067af229530496dbf1a24c \
    --hash=sha256:ab8146faa5d8c52edf23724843c36469fc32ff2c4a174eba72f4da6de5016688 \
    --hash=sha256:afa065bab70e27565695441f69f493af3d379b8723030f2c3d2547d2e312a4be \
    --hash=sha256:b188e750b95172c01defcfcfbba629cad797718b34402ec61b3bc9ff99403599 \
    --hash=sha256:ba1e45074757ab0482ac544e60613b6b8658100ac9985c91868a4598cdfb63ba \
    --hash=sha256:ba542f07fe3f41475d78626973533539e6cf2d5b6af37923fe6c7e7f0f74b9b2 \
    --hash=sha256:bc8f24c32124bb47536882c6b941cdb88cc16e4fa64d5bf347cb8dd72a193fc3 \
    --hash=sha256:bd8c601fe8717e52517a2f2eef78217086acf449627bfdda97e3f53fd79c92af \
    --hash=sha256:be6fb5dd5bf1c89c717a73a1057505959f35c08e0e97a76d4cc6391b90d2263b \
    --hash=sha256:bec9ca5431c32ba94996b7c1c56695b37d48713b97ee1d2a456f4046f009e82f \
    --hash=sha256:c14728e3360cd212d5b606ca703c3bd1c8912efcdbc1aa032c81c2882509ebd5 \
    --hash=sha256:c28830ecf76501356d678dac4f37563554ec1c651a53a990cdf595f7ed75c651 \
    --hash=sha256:c7e8329cde48740df8d332dade2f52b74612b8ea86005341c99bb192c82a5ce7 \
    --hash=sha256:c9d54a4aa475d5e902f2ee518bdaa02f26c089e9f72950d00d1643c090f0deb3 \
    --hash=sha256:cb5f4d061e9abdc6663551446c332a58c101efb31fd1746229872600274c2b20 \
    --hash=sha256:d5a0a2fe240c97587df07f3d5e1027673d599b3a6a7a0ab540aea69f09e9ff7a \
    --hash=sha256:d824fd98364bc946c38ed324a3ec7befba055285aaf2c1ca61894bb7616226e8 \
    --hash=sha256:d93b42d22bf3e17290c5e4cf58e715a419330bb5255c35933c14db82ecf3872c \
    --hash=sha256:d9b244d04cef82872d12c227a2f202f080a454d664c05db351626e6ad4aaa307 \
    --hash=sha256:dac42b2b4c3950e7eda9b5551e0e904784ed0c0428accc29171c230fb919ec72 \
    --hash=sha256:dcf7791e1cedb982ccc873ec9392c6cfb9c714a64ebf1ed4e8310b9cb44655f2 \
    --hash=sha256:e23e323ad28ed3e4e3a24ceffdab0ff235954109a88b536ea7b3b7886bd0a536 \
    --hash=sha256:e30f1f00de913b440baa36647817b9b7120a69b04eca05f3354aaf5b40f95ee5 \
    --hash=sha256:e8ec1d4f27eb9d0412f0c567e7ffd14fbeb2b318a1ac394d5de4047c431fe94c \
    --hash=sha256:e954599c6369f429a868852eff453b894d88866acba439b65131ea93f5400b47 \
    --hash=sha256:eea606b01b43b91626e3aafd463bd19b6ed739bdb8b2b309e5d7ff72afc0e89d \
    --hash=sha256:ef0173fb457f73cf9c2553092419db0eba4d582890db95e542a4d93e11340421 \
    --hash=sha256:ef29fb916fe74be65d0ab8871ab8d964b0f5eb8028bb84b325be43675a59d6e7 \
    --hash=sha256:f667843e7a8fca208eecfe44e04088242f8ca60d74d4950fac3722043538d700 \
    --hash=sha256:fb5d7739e2bc573ade12327ef7717b1ac5876c62938fab20eb54d762da23cae2 \
    --hash=sha256:fc0c6eb8185c68f79a25bb298825e345cc09b826f5828bd8146e3600ca6e9981 \
    --hash=sha256:fc9c45469914099897c47bfc501616fb377f28a865adebf90ea6f3c8ae6dd4e6 \
    --hash=sha256:fe6434d3ee0899bc9396801d1abbc5d1fe77662bd3d1f1c1573fac6708459138 \
    --hash=sha256:fe84440100e7045190da7f80219be9989b0b6db6acadb3ae9cfe0935d93ebf8c
    # via uproot
dask==2024.6.2 \
    --hash=sha256:81b80ee015b2e057b93bb2d1bf13a866136e762e2b24bf54b6b621e8b86b7708 \
    --hash=sha256:d429d6b19e85fd1306ac37c188aaf99d03bbe69a6fe59d2b42882b2ac188686f
    # via dask-awkward
dask-awkward==2024.6.0 \
    --hash=sha256:4b757b54fe8f2f523c1c3629c34acfbca0ae979661ee6a38e42e671c87804ed1 \
    --hash=sha256:b9414c2e007bb832074ffce596c95ab3b48f17fd03da5815c10d453362dfecd0
    # via -r requirements.txt
fsspec==2024.6.1 \
    --hash=sha256:3cb443f8bcd2efb31295a5b9fdb02aee81d8452c80d28f97a6d0959e6cee101e \
    --hash=sha256:fad7d7e209dd4c1208e3bbfda706620e0da5142bebbd9c384afb95b07e798e49
    # via
    #   awkward
    #   dask
    #   uproot
locket==1.0.0 \
    --hash=sha256:5c0d4c052a8bbbf750e056a8e65ccd309086f4f0f18a2eac306a8dfa4112a632 \
    --hash=sha256:b6c819a722f7b6bd955b80781788e4a66a55628b858d347536b7e81325a3a5e3
    # via partd
numpy==2.0.0 \
    --hash=sha256:04494f6ec467ccb5369d1808570ae55f6ed9b5809d7f035059000a37b8d7e86f \
    --hash=sha256:0a43f0974d501842866cc83471bdb0116ba0dffdbaac33ec05e6afed5b615238 \
    --hash=sha256:0e50842b2295ba8414c8c1d9d957083d5dfe9e16828b37de883f51fc53c4016f \
    --hash=sha256:0ec84b9ba0654f3b962802edc91424331f423dcf5d5f926676e0150789cb3d95 \
    --hash=sha256:17067d097ed036636fa79f6a869ac26df7db1ba22039d962422506640314933a \
    --hash=sha256:1cde1753efe513705a0c6d28f5884e22bdc30438bf0085c5c486cdaff40cd67a \
    --hash=sha256:1e72728e7501a450288fc8e1f9ebc73d90cfd4671ebbd631f3e7857c39bd16f2 \
    --hash=sha256:2635dbd200c2d6faf2ef9a0d04f0ecc6b13b3cad54f7c67c61155138835515d2 \
    --hash=sha256:2ce46fd0b8a0c947ae047d222f7136fc4d55538741373107574271bc00e20e8f \
    --hash=sha256:34f003cb88b1ba38cb9a9a4a3161c1604973d7f9d5552c38bc2f04f829536609 \
    --hash=sha256:354f373279768fa5a584bac997de6a6c9bc535c482592d7a813bb0c09be6c76f \
    --hash=sha256:38ecb5b0582cd125f67a629072fed6f83562d9dd04d7e03256c9829bdec027ad \
    --hash=sha256:3e8e01233d57639b2e30966c63d36fcea099d17c53bf424d77f088b0f4babd86 \
    --hash=sha256:3f6bed7f840d44c08ebdb73b1825282b801799e325bcbdfa6bc5c370e5aecc65 \
    --hash=sha256:4554eb96f0fd263041baf16cf0881b3f5dafae7a59b1049acb9540c4d57bc8cb \
    --hash=sha256:46e161722e0f619749d1cd892167039015b2c2817296104487cd03ed4a955995 \
    --hash=sha256:49d9f7d256fbc804391a7f72d4a617302b1afac1112fac19b6c6cec63fe7fe8a \
    --hash=sha256:4d2f62e55a4cd9c58c1d9a1c9edaedcd857a73cb6fda875bf79093f9d9086f85 \
    --hash=sha256:5f64641b42b2429f56ee08b4f427a4d2daf916ec59686061de751a55aafa22e4 \
    --hash=sha256:63b92c512d9dbcc37f9d81b123dec99fdb318ba38c8059afc78086fe73820275 \
    --hash=sha256:6d7696c615765091cc5093f76fd1fa069870304beaccfd58b5dcc69e55ef49c1 \
    --hash=sha256:79e843d186c8fb1b102bef3e2bc35ef81160ffef3194646a7fdd6a73c6b97196 \
    --hash=sha256:821eedb7165ead9eebdb569986968b541f9908979c2da8a4967ecac4439bae3d \
    --hash=sha256:84554fc53daa8f6abf8e8a66e076aff6ece62de68523d9f665f32d2fc50fd66e \
    --hash=sha256:8d83bb187fb647643bd56e1ae43f273c7f4dbcdf94550d7938cfc32566756514 \
    --hash=sha256:903703372d46bce88b6920a0cd86c3ad82dae2dbef157b5fc01b70ea1cfc430f \
    --hash=sha256:9416a5c2e92ace094e9f0082c5fd473502c91651fb896bc17690d6fc475128d6 \
    --hash=sha256:9a1712c015831da583b21c5bfe15e8684137097969c6d22e8316ba66b5baabe4 \
    --hash=sha256:9c27f0946a3536403efb0e1c28def1ae6730a72cd0d5878db38824855e3afc44 \
    --hash=sha256:a356364941fb0593bb899a1076b92dfa2029f6f5b8ba88a14fd0984aaf76d0df \
    --hash=sha256:a7039a136017eaa92c1848152827e1424701532ca8e8967fe480fe1569dae581 \
    --hash=sha256:acd3a644e4807e73b4e1867b769fbf1ce8c5d80e7caaef0d90dcdc640dfc9787 \
    --hash=sha256:ad0c86f3455fbd0de6c31a3056eb822fc939f81b1618f10ff3406971893b62a5 \
    --hash=sha256:b4c76e3d4c56f145d41b7b6751255feefae92edbc9a61e1758a98204200f30fc \
    --hash=sha256:b6f6a8f45d0313db07d6d1d37bd0b112f887e1369758a5419c0370ba915b3871 \
    --hash=sha256:c5a59996dc61835133b56a32ebe4ef3740ea5bc19b3983ac60cc32be5a665d54 \
    --hash=sha256:c73aafd1afca80afecb22718f8700b40ac7cab927b8abab3c3e337d70e10e5a2 \
    --hash=sha256:cee6cc0584f71adefe2c908856ccc98702baf95ff80092e4ca46061538a2ba98 \
    --hash=sha256:cef04d068f5fb0518a77857953193b6bb94809a806bd0a14983a8f12ada060c9 \
    --hash=sha256:cf5d1c9e6837f8af9f92b6bd3e86d513cdc11f60fd62185cc49ec7d1aba34864 \
    --hash=sha256:e61155fae27570692ad1d327e81c6cf27d535a5d7ef97648a17d922224b216de \
    --hash=sha256:e7f387600d424f91576af20518334df3d97bc76a300a755f9a8d6e4f5cadd289 \
    --hash=sha256:ed08d2703b5972ec736451b818c2eb9da80d66c3e84aed1deeb0c345fefe461b \
    --hash=sha256:fbd6acc766814ea6443628f4e6751d0da6593dae29c08c0b2606164db026970c \
    --hash=sha256:feff59f27338135776f6d4e2ec7aeeac5d5f7a08a83e80869121ef8164b74af9
    # via
    #   awkward
    #   awkward-cpp
    #   pyarrow
    #   uproot
    #   vector
packaging==24.1 \
    --hash=sha256:026ed72c8ed3fcce5bf8950572258698927fd1dbda10a5e981cdf0ac37f4f002 \
    --hash=sha256:5b8f2217dbdbd2f7f384c41c628544e6d52f2d0f53c6d0c3ea61aa5d1d7ff124
    # via
    #   awkward
    #   dask
    #   uproot
    #   vector
partd==1.4.2 \
    --hash=sha256:978e4ac767ec4ba5b86c6eaa52e5a2a3bc748a2ca839e8cc798f1cc6ce6efb0f \
    --hash=sha256:d022c33afbdc8405c226621b015e8067888173d85f7f5ecebb3cafed9a20f02c
    # via dask
pyarrow==16.1.0 \
    --hash=sha256:06ebccb6f8cb7357de85f60d5da50e83507954af617d7b05f48af1621d331c9a \
    --hash=sha256:0d07de3ee730647a600037bc1d7b7994067ed64d0eba797ac74b2bc77384f4c2 \
    --hash=sha256:0d27bf89dfc2576f6206e9cd6cf7a107c9c06dc13d53bbc25b0bd4556f19cf5f \
    --hash=sha256:0d32000693deff8dc5df444b032b5985a48592c0697cb6e3071a5d59888714e2 \
    --hash=sha256:15fbb22ea96d11f0b5768504a3f961edab25eaf4197c341720c4a387f6c60315 \
    --hash=sha256:17e23b9a65a70cc733d8b738baa6ad3722298fa0c81d88f63ff94bf25eaa77b9 \
    --hash=sha256:185d121b50836379fe012753cf15c4ba9638bda9645183ab36246923875f8d1b \
    --hash=sha256:18da9b76a36a954665ccca8aa6bd9f46c1145f79c0bb8f4f244f5f8e799bca55 \
    --hash=sha256:19741c4dbbbc986d38856ee7ddfdd6a00fc3b0fc2d928795b95410d38bb97d15 \
    --hash=sha256:25233642583bf658f629eb230b9bb79d9af4d9f9229890b3c878699c82f7d11e \
    --hash=sha256:2e51ca1d6ed7f2e9d5c3c83decf27b0d17bb207a7dea986e8dc3e24f80ff7d6f \
    --hash=sha256:2e73cfc4a99e796727919c5541c65bb88b973377501e39b9842ea71401ca6c1c \
    --hash=sha256:31a1851751433d89a986616015841977e0a188662fcffd1a5677453f1df2de0a \
    --hash=sha256:3b20bd67c94b3a2ea0a749d2a5712fc845a69cb5d52e78e6449bbd295611f3aa \
    --hash=sha256:4740cc41e2ba5d641071d0ab5e9ef9b5e6e8c7611351a5cb7c1d175eaf43674a \
    --hash=sha256:48be160782c0556156d91adbdd5a4a7e719f8d407cb46ae3bb4eaee09b3111bd \
    --hash=sha256:8785bb10d5d6fd5e15d718ee1d1f914fe768bf8b4d1e5e9bf253de8a26cb1628 \
    --hash=sha256:98100e0268d04e0eec47b73f20b39c45b4006f3c4233719c3848aa27a03c1aef \
    --hash=sha256:99f7549779b6e434467d2aa43ab2b7224dd9e41bdde486020bae198978c9e05e \
    --hash=sha256:9cf389d444b0f41d9fe1444b70650fea31e9d52cfcb5f818b7888b91b586efff \
    --hash=sha256:a33a64576fddfbec0a44112eaf844c20853647ca833e9a647bfae0582b2ff94b \
    --hash=sha256:a8914cd176f448e09746037b0c6b3a9d7688cef451ec5735094055116857580c \
    --hash=sha256:b04707f1979815f5e49824ce52d1dceb46e2f12909a48a6a753fe7cafbc44a0c \
    --hash=sha256:b5f5705ab977947a43ac83b52ade3b881eb6e95fcc02d76f501d549a210ba77f \
    --hash=sha256:ba8ac20693c0bb0bf4b238751d4409e62852004a8cf031c73b0e0962b03e45e3 \
    --hash=sha256:bf9251264247ecfe93e5f5a0cd43b8ae834f1e61d1abca22da55b20c788417f6 \
    --hash=sha256:d0ebea336b535b37eee9eee31761813086d33ed06de9ab6fc6aaa0bace7b250c \
    --hash=sha256:ddf5aace92d520d3d2a20031d8b0ec27b4395cab9f74e07cc95edf42a5cc0147 \
    --hash=sha256:ddfe389a08ea374972bd4065d5f25d14e36b43ebc22fc75f7b951f24378bf0b5 \
    --hash=sha256:e1369af39587b794873b8a307cc6623a3b1194e69399af0efd05bb202195a5a7 \
    --hash=sha256:e6b6d3cd35fbb93b70ade1336022cc1147b95ec6af7d36906ca7fe432eb09710 \
    --hash=sha256:f07fdffe4fd5b15f5ec15c8b64584868d063bc22b86b46c9695624ca3505b7b4 \
    --hash=sha256:f2c5fb249caa17b94e2b9278b36a05ce03d3180e6da0c4c3b3ce5b2788f30eed \
    --hash=sha256:f68f409e7b283c085f2da014f9ef81e885d90dcd733bd648cfba3ef265961848 \
    --hash=sha256:fbef391b63f708e103df99fbaa3acf9f671d77a183a07546ba2f2c297b361e83 \
    --hash=sha256:febde33305f1498f6df85e8020bca496d0e9ebf2093bab9e0f65e2b4ae2b3444
    # via -r requirements.txt
pyyaml==6.0.1 \
    --hash=sha256:04ac92ad1925b2cff1db0cfebffb6ffc43457495c9b3c39d3fcae417d7125dc5 \
    --hash=sha256:062582fca9fabdd2c8b54a3ef1c978d786e0f6b3a1510e0ac93ef59e0ddae2bc \
    --hash=sha256:0d3304d8c0adc42be59c5f8a4d9e3d7379e6955ad754aa9d6ab7a398b59dd1df \
    --hash=sha256:1635fd110e8d85d55237ab316b5b011de701ea0f29d07611174a1b42f1444741 \
    --hash=sha256:184c5108a2aca3c5b3d3bf9395d50893a7ab82a38004c8f61c258d4428e80206 \
    --hash=sha256:18aeb1bf9a78867dc38b259769503436b7c72f7a1f1f4c93ff9a17de54319b27 \
    --hash=sha256:1d4c7e777c441b20e32f52bd377e0c409713e8bb1386e1099c2415f26e479595 \
    --hash=sha256:1e2722cc9fbb45d9b87631ac70924c11d3a401b2d7f410cc0e3bbf249f2dca62 \
    --hash=sha256:1fe35611261b29bd1de0070f0b2f47cb6ff71fa6595c077e42bd0c419fa27b98 \
    --hash=sha256:28c119d996beec18c05208a8bd78cbe4007878c6dd15091efb73a30e90539696 \
    --hash=sha256:326c013efe8048858a6d312ddd31d56e468118ad4cdeda36c719bf5bb6192290 \
    --hash=sha256:40df9b996c2b73138957fe23a16a4f0ba614f4c0efce1e9406a184b6d07fa3a9 \
    --hash=sha256:42f8152b8dbc4fe7d96729ec2b99c7097d656dc1213a3229ca5383f973a5ed6d \
    --hash=sha256:49a183be227561de579b4a36efbb21b3eab9651dd81b1858589f796549873dd6 \
    --hash=sha256:4fb147e7a67ef577a588a0e2c17b6db51dda102c71de36f8549b6816a96e1867 \
    --hash=sha256:50550eb667afee136e9a77d6dc71ae76a44df8b3e51e41b77f6de2932bfe0f47 \
    --hash=sha256:510c9deebc5c0225e8c96813043e62b680ba2f9c50a08d3724c7f28a747d1486 \
    --hash=sha256:5773183b6446b2c99bb77e77595dd486303b4faab2b086e7b17bc6bef28865f6 \
    --hash=sha256:596106435fa6ad000c2991a98fa58eeb8656ef2325d7e158344fb33864ed87e3 \
    --hash=sha256:6965a7bc3cf88e5a1c3bd2e0b5c22f8d677dc88a455344035f03399034eb3007 \
    --hash=sha256:69b023b2b4daa7548bcfbd4aa3da05b3a74b772db9e23b982788168117739938 \
    --hash=sha256:6c22bec3fbe2524cde73d7ada88f6566758a8f7227bfbf93a408a9d86bcc12a0 \
    --hash=sha256:704219a11b772aea0d8ecd7058d0082713c3562b4e271b849ad7dc4a5c90c13c \
    --hash=sha256:7e07cbde391ba96ab58e532ff4803f79c4129397514e1413a7dc761ccd755735 \
    --hash=sha256:81e0b275a9ecc9c0c0c07b4b90ba548307583c125f54d5b6946cfee6360c733d \
    --hash=sha256:855fb52b0dc35af121542a76b9a84f8d1cd886ea97c84703eaa6d88e37a2ad28 \
    --hash=sha256:8d4e9c88387b0f5c7d5f281e55304de64cf7f9c0021a3525bd3b1c542da3b0e4 \
    --hash=sha256:9046c58c4395dff28dd494285c82ba00b546adfc7ef001486fbf0324bc174fba \
    --hash=sha256:9eb6caa9a297fc2c2fb8862bc5370d0303ddba53ba97e71f08023b6cd73d16a8 \
    --hash=sha256:a08c6f0fe150303c1c6b71ebcd7213c2858041a7e01975da3a99aed1e7a378ef \
    --hash=sha256:a0cd17c15d3bb3fa06978b4e8958dcdc6e0174ccea823003a106c7d4d7899ac5 \
    --hash=sha256:afd7e57eddb1a54f0f1a974bc4391af8bcce0b444685d936840f125cf046d5bd \
    --hash=sha256:b1275ad35a5d18c62a7220633c913e1b42d44b46ee12554e5fd39c70a243d6a3 \
    --hash=sha256:b786eecbdf8499b9ca1d697215862083bd6d2a99965554781d0d8d1ad31e13a0 \
    --hash=sha256:ba336e390cd8e4d1739f42dfe9bb83a3cc2e80f567d8805e11b46f4a943f5515 \
    --hash=sha256:baa90d3f661d43131ca170712d903e6295d1f7a0f595074f151c0aed377c9b9c \
    --hash=sha256:bc1bf2925a1ecd43da378f4db9e4f799775d6367bdb94671027b73b393a7c42c \
    --hash=sha256:bd4af7373a854424dabd882decdc5579653d7868b8fb26dc7d0e99f823aa5924 \
    --hash=sha256:bf07ee2fef7014951eeb99f56f39c9bb4af143d8aa3c21b1677805985307da34 \
    --hash=sha256:bfdf460b1736c775f2ba9f6a92bca30bc2095067b8a9d77876d1fad6cc3b4a43 \
    --hash=sha256:c8098ddcc2a85b61647b2590f825f3db38891662cfc2fc776415143f599bb859 \
    --hash=sha256:d2b04aac4d386b172d5b9692e2d2da8de7bfb6c387fa4f801fbf6fb2e6ba4673 \
    --hash=sha256:d483d2cdf104e7c9fa60c544d92981f12ad66a457afae824d146093b8c294c54 \
    --hash=sha256:d858aa552c999bc8a8d57426ed01e40bef403cd8ccdd0fc5f6f04a00414cac2a \
    --hash=sha256:e7d73685e87afe9f3b36c799222440d6cf362062f78be1013661b00c5c6f678b \
    --hash=sha256:f003ed9ad21d6a4713f0a9b5a7a0a79e08dd0f221aff4525a2be4c346ee60aab \
    --hash=sha256:f22ac1c3cac4dbc50079e965eba2c1058622631e526bd9afd45fedd49ba781fa \
    --hash=sha256:faca3bdcf85b2fc05d06ff3fbc1f83e1391b3e724afa3feba7d13eeab355484c \
    --hash=sha256:fca0e3a251908a499833aa292323f32437106001d436eca0e6e7833256674585 \
    --hash=sha256:fd1592b3fdf65fff2ad0004b5e363300ef59ced41c2e6b3a99d4089fa8c5435d \
    --hash=sha256:fd66fc5d0da6d9815ba2cebeb4205f95818ff4b79c3ebe268e75d961704af52f
    # via dask
toolz==0.12.1 \
    --hash=sha256:d22731364c07d72eea0a0ad45bafb2c2937ab6fd38a3507bf55eae8744aa7d85 \
    --hash=sha256:ecca342664893f177a13dac0e6b41cbd8ac25a358e5f215316d43e2100224f4d
    # via
    #   dask
    #   partd
typing-extensions==4.12.2 \
    --hash=sha256:04e5ca0351e0f3f85c6853954072df659d0d13fac324d0072316b67d7794700d \
    --hash=sha256:1a7ead55c7e559dd4dee8856e3a88b41225abfe1ce8df57b7c13915fe121ffb8
    # via dask-awkward
uproot==5.3.9 \
    --hash=sha256:0f7cc2e15d720c6d2071db5aacd39ec7b362e4c264cb09a5f6c23d4293f77889 \
    --hash=sha256:847519b6f2d4a505a6287e4d7d7a8d4f3623ba8aac4cf4dd75a224aa8a9bf843
    # via -r requirements.txt
vector==1.4.1 \
    --hash=sha256:15aef8911560db1ea3ffa9dbd5414d0ec575a504a2c3f23ea45170a18994466e \
    --hash=sha256:a3b1fd3145060a3c17a0b3f9682597103a77a948889803599b8467f6260c5192
    # via -r requirements.txt
